
Microsoft Visual Studio Solution File, Format Version 12.00
# Visual Studio Version 16
VisualStudioVersion = 16.0.30413.136
MinimumVisualStudioVersion = 10.0.40219.1
Project("{8BC9CEB8-8B4A-11D0-8D11-00A0C91BC942}") = "Lab 2.1 Data Basics", "Lab 2.1 Data Basics\Lab 2.1 Data Basics.vcxproj", "{1B2ADD5C-9B17-4A05-BBC8-697444FE67BD}"
EndProject
Global
	GlobalSection(SolutionConfigurationPlatforms) = preSolution
		Debug|x64 = Debug|x64
		Debug|x86 = Debug|x86
		Release|x64 = Release|x64
		Release|x86 = Release|x86
	EndGlobalSection
	GlobalSection(ProjectConfigurationPlatforms) = postSolution
		{1B2ADD5C-9B17-4A05-BBC8-697444FE67BD}.Debug|x64.ActiveCfg = Debug|x64
		{1B2ADD5C-9B17-4A05-BBC8-697444FE67BD}.Debug|x64.Build.0 = Debug|x64
		{1B2ADD5C-9B17-4A05-BBC8-697444FE67BD}.Debug|x86.ActiveCfg = Debug|Win32
		{1B2ADD5C-9B17-4A05-BBC8-697444FE67BD}.Debug|x86.Build.0 = Debug|Win32
		{1B2ADD5C-9B17-4A05-BBC8-697444FE67BD}.Release|x64.ActiveCfg = Release|x64
		{1B2ADD5C-9B17-4A05-BBC8-697444FE67BD}.Release|x64.Build.0 = Release|x64
		{1B2ADD5C-9B17-4A05-BBC8-697444FE67BD}.Release|x86.ActiveCfg = Release|Win32
		{1B2ADD5C-9B17-4A05-BBC8-697444FE67BD}.Release|x86.Build.0 = Release|Win32
	EndGlobalSection
	GlobalSection(SolutionProperties) = preSolution
		HideSolutionNode = FALSE
	EndGlobalSection
	GlobalSection(ExtensibilityGlobals) = postSolution
		SolutionGuid = {E1F8F750-2798-4D3F-87E4-F376A95EEB0F}
	EndGlobalSection
EndGlobal
